
Microsoft Visual Studio Solution File, Format Version 12.00
Project("{FAE04EC0-301F-11D3-BF4B-00C04F79EFBC}") = "ExceptionHandlingWithResultPattern.Api", "ExceptionHandlingWithResultPattern.Api\ExceptionHandlingWithResultPattern.Api.csproj", "{8C9D6A11-6043-46D6-B75E-CD608ECA2BAE}"
EndProject
Project("{FAE04EC0-301F-11D3-BF4B-00C04F79EFBC}") = "ExceptionHandlingWithResultPattern.Framework", "ExceptionHandlingWithResultPattern.Framework\ExceptionHandlingWithResultPattern.Framework.csproj", "{B2748505-03BC-4DFC-B7CD-DC090B14B69F}"
EndProject
Global
	GlobalSection(SolutionConfigurationPlatforms) = preSolution
		Debug|Any CPU = Debug|Any CPU
		Release|Any CPU = Release|Any CPU
	EndGlobalSection
	GlobalSection(ProjectConfigurationPlatforms) = postSolution
		{8C9D6A11-6043-46D6-B75E-CD608ECA2BAE}.Debug|Any CPU.ActiveCfg = Debug|Any CPU
		{8C9D6A11-6043-46D6-B75E-CD608ECA2BAE}.Debug|Any CPU.Build.0 = Debug|Any CPU
		{8C9D6A11-6043-46D6-B75E-CD608ECA2BAE}.Release|Any CPU.ActiveCfg = Release|Any CPU
		{8C9D6A11-6043-46D6-B75E-CD608ECA2BAE}.Release|Any CPU.Build.0 = Release|Any CPU
		{B2748505-03BC-4DFC-B7CD-DC090B14B69F}.Debug|Any CPU.ActiveCfg = Debug|Any CPU
		{B2748505-03BC-4DFC-B7CD-DC090B14B69F}.Debug|Any CPU.Build.0 = Debug|Any CPU
		{B2748505-03BC-4DFC-B7CD-DC090B14B69F}.Release|Any CPU.ActiveCfg = Release|Any CPU
		{B2748505-03BC-4DFC-B7CD-DC090B14B69F}.Release|Any CPU.Build.0 = Release|Any CPU
	EndGlobalSection
EndGlobal
